
Microsoft Visual Studio Solution File, Format Version 12.00
Project("{FAE04EC0-301F-11D3-BF4B-00C04F79EFBC}") = "Async.Test", "Async.Test\Async.Test.csproj", "{7A1E03A3-8444-40E9-BFD4-A534BBF5E073}"
EndProject
Global
	GlobalSection(SolutionConfigurationPlatforms) = preSolution
		Debug|Any CPU = Debug|Any CPU
		Release|Any CPU = Release|Any CPU
	EndGlobalSection
	GlobalSection(ProjectConfigurationPlatforms) = postSolution
		{7A1E03A3-8444-40E9-BFD4-A534BBF5E073}.Debug|Any CPU.ActiveCfg = Debug|Any CPU
		{7A1E03A3-8444-40E9-BFD4-A534BBF5E073}.Debug|Any CPU.Build.0 = Debug|Any CPU
		{7A1E03A3-8444-40E9-BFD4-A534BBF5E073}.Release|Any CPU.ActiveCfg = Release|Any CPU
		{7A1E03A3-8444-40E9-BFD4-A534BBF5E073}.Release|Any CPU.Build.0 = Release|Any CPU
	EndGlobalSection
EndGlobal
